
Microsoft Visual Studio Solution File, Format Version 12.00
Project("{FAE04EC0-301F-11D3-BF4B-00C04F79EFBC}") = "ToDo", "ToDo\ToDo.csproj", "{32A30B6B-3671-44C0-B063-E056295B3020}"
EndProject
Global
	GlobalSection(SolutionConfigurationPlatforms) = preSolution
		Debug|Any CPU = Debug|Any CPU
		Release|Any CPU = Release|Any CPU
	EndGlobalSection
	GlobalSection(ProjectConfigurationPlatforms) = postSolution
		{32A30B6B-3671-44C0-B063-E056295B3020}.Debug|Any CPU.ActiveCfg = Debug|Any CPU
		{32A30B6B-3671-44C0-B063-E056295B3020}.Debug|Any CPU.Build.0 = Debug|Any CPU
		{32A30B6B-3671-44C0-B063-E056295B3020}.Release|Any CPU.ActiveCfg = Release|Any CPU
		{32A30B6B-3671-44C0-B063-E056295B3020}.Release|Any CPU.Build.0 = Release|Any CPU
	EndGlobalSection
EndGlobal
